// !$*UTF8*$!
{
	archiveVersion = 1;
	classes = {
	};
	objectVersion = 50;
	objects = {

/* Begin PBXBuildFile section */
		1567A63723045A66006B6EAB /* AppDelegate.swift in Sources */ = {isa = PBXBuildFile; fileRef = 1567A63623045A66006B6EAB /* AppDelegate.swift */; };
		1567A63923045A66006B6EAB /* ViewController.swift in Sources */ = {isa = PBXBuildFile; fileRef = 1567A63823045A66006B6EAB /* ViewController.swift */; };
		1567A63C23045A66006B6EAB /* Main.storyboard in Resources */ = {isa = PBXBuildFile; fileRef = 1567A63A23045A66006B6EAB /* Main.storyboard */; };
		1567A63F23045A66006B6EAB /* globeProject.xcdatamodeld in Sources */ = {isa = PBXBuildFile; fileRef = 1567A63D23045A66006B6EAB /* globeProject.xcdatamodeld */; };
		1567A64123045A69006B6EAB /* Assets.xcassets in Resources */ = {isa = PBXBuildFile; fileRef = 1567A64023045A69006B6EAB /* Assets.xcassets */; };
		1567A64423045A69006B6EAB /* LaunchScreen.storyboard in Resources */ = {isa = PBXBuildFile; fileRef = 1567A64223045A69006B6EAB /* LaunchScreen.storyboard */; };
		1567A64F23045A69006B6EAB /* globeProjectTests.swift in Sources */ = {isa = PBXBuildFile; fileRef = 1567A64E23045A69006B6EAB /* globeProjectTests.swift */; };
		1567A65A23045A69006B6EAB /* globeProjectUITests.swift in Sources */ = {isa = PBXBuildFile; fileRef = 1567A65923045A69006B6EAB /* globeProjectUITests.swift */; };
/* End PBXBuildFile section */

/* Begin PBXContainerItemProxy section */
		1567A64B23045A69006B6EAB /* PBXContainerItemProxy */ = {
			isa = PBXContainerItemProxy;
			containerPortal = 1567A62B23045A66006B6EAB /* Project object */;
			proxyType = 1;
			remoteGlobalIDString = 1567A63223045A66006B6EAB;
			remoteInfo = globeProject;
		};
		1567A65623045A69006B6EAB /* PBXContainerItemProxy */ = {
			isa = PBXContainerItemProxy;
			containerPortal = 1567A62B23045A66006B6EAB /* Project object */;
			proxyType = 1;
			remoteGlobalIDString = 1567A63223045A66006B6EAB;
			remoteInfo = globeProject;
		};
/* End PBXContainerItemProxy section */

/* Begin PBXFileReference section */
		1567A63323045A66006B6EAB /* globeProject.app */ = {isa = PBXFileReference; explicitFileType = wrapper.application; includeInIndex = 0; path = globeProject.app; sourceTree = BUILT_PRODUCTS_DIR; };
		1567A63623045A66006B6EAB /* AppDelegate.swift */ = {isa = PBXFileReference; lastKnownFileType = sourcecode.swift; path = AppDelegate.swift; sourceTree = "<group>"; };
		1567A63823045A66006B6EAB /* ViewController.swift */ = {isa = PBXFileReference; lastKnownFileType = sourcecode.swift; path = ViewController.swift; sourceTree = "<group>"; };
		1567A63B23045A66006B6EAB /* Base */ = {isa = PBXFileReference; lastKnownFileType = file.storyboard; name = Base; path = Base.lproj/Main.storyboard; sourceTree = "<group>"; };
		1567A63E23045A66006B6EAB /* globeProject.xcdatamodel */ = {isa = PBXFileReference; lastKnownFileType = wrapper.xcdatamodel; path = globeProject.xcdatamodel; sourceTree = "<group>"; };
		1567A64023045A69006B6EAB /* Assets.xcassets */ = {isa = PBXFileReference; lastKnownFileType = folder.assetcatalog; path = Assets.xcassets; sourceTree = "<group>"; };
		1567A64323045A69006B6EAB /* Base */ = {isa = PBXFileReference; lastKnownFileType = file.storyboard; name = Base; path = Base.lproj/LaunchScreen.storyboard; sourceTree = "<group>"; };
		1567A64523045A69006B6EAB /* Info.plist */ = {isa = PBXFileReference; lastKnownFileType = text.plist.xml; path = Info.plist; sourceTree = "<group>"; };
		1567A64A23045A69006B6EAB /* globeProjectTests.xctest */ = {isa = PBXFileReference; explicitFileType = wrapper.cfbundle; includeInIndex = 0; path = globeProjectTests.xctest; sourceTree = BUILT_PRODUCTS_DIR; };
		1567A64E23045A69006B6EAB /* globeProjectTests.swift */ = {isa = PBXFileReference; lastKnownFileType = sourcecode.swift; path = globeProjectTests.swift; sourceTree = "<group>"; };
		1567A65023045A69006B6EAB /* Info.plist */ = {isa = PBXFileReference; lastKnownFileType = text.plist.xml; path = Info.plist; sourceTree = "<group>"; };
		1567A65523045A69006B6EAB /* globeProjectUITests.xctest */ = {isa = PBXFileReference; explicitFileType = wrapper.cfbundle; includeInIndex = 0; path = globeProjectUITests.xctest; sourceTree = BUILT_PRODUCTS_DIR; };
		1567A65923045A69006B6EAB /* globeProjectUITests.swift */ = {isa = PBXFileReference; lastKnownFileType = sourcecode.swift; path = globeProjectUITests.swift; sourceTree = "<group>"; };
		1567A65B23045A69006B6EAB /* Info.plist */ = {isa = PBXFileReference; lastKnownFileType = text.plist.xml; path = Info.plist; sourceTree = "<group>"; };
/* End PBXFileReference section */

/* Begin PBXFrameworksBuildPhase section */
		1567A63023045A66006B6EAB /* Frameworks */ = {
			isa = PBXFrameworksBuildPhase;
			buildActionMask = 2147483647;
			files = (
			);
			runOnlyForDeploymentPostprocessing = 0;
		};
		1567A64723045A69006B6EAB /* Frameworks */ = {
			isa = PBXFrameworksBuildPhase;
			buildActionMask = 2147483647;
			files = (
			);
			runOnlyForDeploymentPostprocessing = 0;
		};
		1567A65223045A69006B6EAB /* Frameworks */ = {
			isa = PBXFrameworksBuildPhase;
			buildActionMask = 2147483647;
			files = (
			);
			runOnlyForDeploymentPostprocessing = 0;
		};
/* End PBXFrameworksBuildPhase section */

/* Begin PBXGroup section */
		1567A62A23045A66006B6EAB = {
			isa = PBXGroup;
			children = (
				1567A63523045A66006B6EAB /* globeProject */,
				1567A64D23045A69006B6EAB /* globeProjectTests */,
				1567A65823045A69006B6EAB /* globeProjectUITests */,
				1567A63423045A66006B6EAB /* Products */,
			);
			sourceTree = "<group>";
		};
		1567A63423045A66006B6EAB /* Products */ = {
			isa = PBXGroup;
			children = (
				1567A63323045A66006B6EAB /* globeProject.app */,
				1567A64A23045A69006B6EAB /* globeProjectTests.xctest */,
				1567A65523045A69006B6EAB /* globeProjectUITests.xctest */,
			);
			name = Products;
			sourceTree = "<group>";
		};
		1567A63523045A66006B6EAB /* globeProject */ = {
			isa = PBXGroup;
			children = (
				1567A63623045A66006B6EAB /* AppDelegate.swift */,
				1567A63823045A66006B6EAB /* ViewController.swift */,
				1567A63A23045A66006B6EAB /* Main.storyboard */,
				1567A64023045A69006B6EAB /* Assets.xcassets */,
				1567A64223045A69006B6EAB /* LaunchScreen.storyboard */,
				1567A64523045A69006B6EAB /* Info.plist */,
				1567A63D23045A66006B6EAB /* globeProject.xcdatamodeld */,
			);
			path = globeProject;
			sourceTree = "<group>";
		};
		1567A64D23045A69006B6EAB /* globeProjectTests */ = {
			isa = PBXGroup;
			children = (
				1567A64E23045A69006B6EAB /* globeProjectTests.swift */,
				1567A65023045A69006B6EAB /* Info.plist */,
			);
			path = globeProjectTests;
			sourceTree = "<group>";
		};
		1567A65823045A69006B6EAB /* globeProjectUITests */ = {
			isa = PBXGroup;
			children = (
				1567A65923045A69006B6EAB /* globeProjectUITests.swift */,
				1567A65B23045A69006B6EAB /* Info.plist */,
			);
			path = globeProjectUITests;
			sourceTree = "<group>";
		};
/* End PBXGroup section */

/* Begin PBXNativeTarget section */
		1567A63223045A66006B6EAB /* globeProject */ = {
			isa = PBXNativeTarget;
			buildConfigurationList = 1567A65E23045A69006B6EAB /* Build configuration list for PBXNativeTarget "globeProject" */;
			buildPhases = (
				1567A62F23045A66006B6EAB /* Sources */,
				1567A63023045A66006B6EAB /* Frameworks */,
				1567A63123045A66006B6EAB /* Resources */,
			);
			buildRules = (
			);
			dependencies = (
			);
			name = globeProject;
			productName = globeProject;
			productReference = 1567A63323045A66006B6EAB /* globeProject.app */;
			productType = "com.apple.product-type.application";
		};
		1567A64923045A69006B6EAB /* globeProjectTests */ = {
			isa = PBXNativeTarget;
			buildConfigurationList = 1567A66123045A69006B6EAB /* Build configuration list for PBXNativeTarget "globeProjectTests" */;
			buildPhases = (
				1567A64623045A69006B6EAB /* Sources */,
				1567A64723045A69006B6EAB /* Frameworks */,
				1567A64823045A69006B6EAB /* Resources */,
			);
			buildRules = (
			);
			dependencies = (
				1567A64C23045A69006B6EAB /* PBXTargetDependency */,
			);
			name = globeProjectTests;
			productName = globeProjectTests;
			productReference = 1567A64A23045A69006B6EAB /* globeProjectTests.xctest */;
			productType = "com.apple.product-type.bundle.unit-test";
		};
		1567A65423045A69006B6EAB /* globeProjectUITests */ = {
			isa = PBXNativeTarget;
			buildConfigurationList = 1567A66423045A69006B6EAB /* Build configuration list for PBXNativeTarget "globeProjectUITests" */;
			buildPhases = (
				1567A65123045A69006B6EAB /* Sources */,
				1567A65223045A69006B6EAB /* Frameworks */,
				1567A65323045A69006B6EAB /* Resources */,
			);
			buildRules = (
			);
			dependencies = (
				1567A65723045A69006B6EAB /* PBXTargetDependency */,
			);
			name = globeProjectUITests;
			productName = globeProjectUITests;
			productReference = 1567A65523045A69006B6EAB /* globeProjectUITests.xctest */;
			productType = "com.apple.product-type.bundle.ui-testing";
		};
/* End PBXNativeTarget section */

/* Begin PBXProject section */
		1567A62B23045A66006B6EAB /* Project object */ = {
			isa = PBXProject;
			attributes = {
				LastSwiftUpdateCheck = 1020;
				LastUpgradeCheck = 1020;
				ORGANIZATIONNAME = Samantha;
				TargetAttributes = {
					1567A63223045A66006B6EAB = {
						CreatedOnToolsVersion = 10.2.1;
					};
					1567A64923045A69006B6EAB = {
						CreatedOnToolsVersion = 10.2.1;
						TestTargetID = 1567A63223045A66006B6EAB;
					};
					1567A65423045A69006B6EAB = {
						CreatedOnToolsVersion = 10.2.1;
						TestTargetID = 1567A63223045A66006B6EAB;
					};
				};
			};
			buildConfigurationList = 1567A62E23045A66006B6EAB /* Build configuration list for PBXProject "globeProject" */;
			compatibilityVersion = "Xcode 9.3";
			developmentRegion = en;
			hasScannedForEncodings = 0;
			knownRegions = (
				en,
				Base,
			);
			mainGroup = 1567A62A23045A66006B6EAB;
			productRefGroup = 1567A63423045A66006B6EAB /* Products */;
			projectDirPath = "";
			projectRoot = "";
			targets = (
				1567A63223045A66006B6EAB /* globeProject */,
				1567A64923045A69006B6EAB /* globeProjectTests */,
				1567A65423045A69006B6EAB /* globeProjectUITests */,
			);
		};
/* End PBXProject section */

/* Begin PBXResourcesBuildPhase section */
		1567A63123045A66006B6EAB /* Resources */ = {
			isa = PBXResourcesBuildPhase;
			buildActionMask = 2147483647;
			files = (
				1567A64423045A69006B6EAB /* LaunchScreen.storyboard in Resources */,
				1567A64123045A69006B6EAB /* Assets.xcassets in Resources */,
				1567A63C23045A66006B6EAB /* Main.storyboard in Resources */,
			);
			runOnlyForDeploymentPostprocessing = 0;
		};
		1567A64823045A69006B6EAB /* Resources */ = {
			isa = PBXResourcesBuildPhase;
			buildActionMask = 2147483647;
			files = (
			);
			runOnlyForDeploymentPostprocessing = 0;
		};
		1567A65323045A69006B6EAB /* Resources */ = {
			isa = PBXResourcesBuildPhase;
			buildActionMask = 2147483647;
			files = (
			);
			runOnlyForDeploymentPostprocessing = 0;
		};
/* End PBXResourcesBuildPhase section */

/* Begin PBXSourcesBuildPhase section */
		1567A62F23045A66006B6EAB /* Sources */ = {
			isa = PBXSourcesBuildPhase;
			buildActionMask = 2147483647;
			files = (
				1567A63F23045A66006B6EAB /* globeProject.xcdatamodeld in Sources */,
				1567A63923045A66006B6EAB /* ViewController.swift in Sources */,
				1567A63723045A66006B6EAB /* AppDelegate.swift in Sources */,
			);
			runOnlyForDeploymentPostprocessing = 0;
		};
		1567A64623045A69006B6EAB /* Sources */ = {
			isa = PBXSourcesBuildPhase;
			buildActionMask = 2147483647;
			files = (
				1567A64F23045A69006B6EAB /* globeProjectTests.swift in Sources */,
			);
			runOnlyForDeploymentPostprocessing = 0;
		};
		1567A65123045A69006B6EAB /* Sources */ = {
			isa = PBXSourcesBuildPhase;
			buildActionMask = 2147483647;
			files = (
				1567A65A23045A69006B6EAB /* globeProjectUITests.swift in Sources */,
			);
			runOnlyForDeploymentPostprocessing = 0;
		};
/* End PBXSourcesBuildPhase section */

/* Begin PBXTargetDependency section */
		1567A64C23045A69006B6EAB /* PBXTargetDependency */ = {
			isa = PBXTargetDependency;
			target = 1567A63223045A66006B6EAB /* globeProject */;
			targetProxy = 1567A64B23045A69006B6EAB /* PBXContainerItemProxy */;
		};
		1567A65723045A69006B6EAB /* PBXTargetDependency */ = {
			isa = PBXTargetDependency;
			target = 1567A63223045A66006B6EAB /* globeProject */;
			targetProxy = 1567A65623045A69006B6EAB /* PBXContainerItemProxy */;
		};
/* End PBXTargetDependency section */

/* Begin PBXVariantGroup section */
		1567A63A23045A66006B6EAB /* Main.storyboard */ = {
			isa = PBXVariantGroup;
			children = (
				1567A63B23045A66006B6EAB /* Base */,
			);
			name = Main.storyboard;
			sourceTree = "<group>";
		};
		1567A64223045A69006B6EAB /* LaunchScreen.storyboard */ = {
			isa = PBXVariantGroup;
			children = (
				1567A64323045A69006B6EAB /* Base */,
			);
			name = LaunchScreen.storyboard;
			sourceTree = "<group>";
		};
/* End PBXVariantGroup section */

/* Begin XCBuildConfiguration section */
		1567A65C23045A69006B6EAB /* Debug */ = {
			isa = XCBuildConfiguration;
			buildSettings = {
				ALWAYS_SEARCH_USER_PATHS = NO;
				CLANG_ANALYZER_NONNULL = YES;
				CLANG_ANALYZER_NUMBER_OBJECT_CONVERSION = YES_AGGRESSIVE;
				CLANG_CXX_LANGUAGE_STANDARD = "gnu++14";
				CLANG_CXX_LIBRARY = "libc++";
				CLANG_ENABLE_MODULES = YES;
				CLANG_ENABLE_OBJC_ARC = YES;
				CLANG_ENABLE_OBJC_WEAK = YES;
				CLANG_WARN_BLOCK_CAPTURE_AUTORELEASING = YES;
				CLANG_WARN_BOOL_CONVERSION = YES;
				CLANG_WARN_COMMA = YES;
				CLANG_WARN_CONSTANT_CONVERSION = YES;
				CLANG_WARN_DEPRECATED_OBJC_IMPLEMENTATIONS = YES;
				CLANG_WARN_DIRECT_OBJC_ISA_USAGE = YES_ERROR;
				CLANG_WARN_DOCUMENTATION_COMMENTS = YES;
				CLANG_WARN_EMPTY_BODY = YES;
				CLANG_WARN_ENUM_CONVERSION = YES;
				CLANG_WARN_INFINITE_RECURSION = YES;
				CLANG_WARN_INT_CONVERSION = YES;
				CLANG_WARN_NON_LITERAL_NULL_CONVERSION = YES;
				CLANG_WARN_OBJC_IMPLICIT_RETAIN_SELF = YES;
				CLANG_WARN_OBJC_LITERAL_CONVERSION = YES;
				CLANG_WARN_OBJC_ROOT_CLASS = YES_ERROR;
				CLANG_WARN_RANGE_LOOP_ANALYSIS = YES;
				CLANG_WARN_STRICT_PROTOTYPES = YES;
				CLANG_WARN_SUSPICIOUS_MOVE = YES;
				CLANG_WARN_UNGUARDED_AVAILABILITY = YES_AGGRESSIVE;
				CLANG_WARN_UNREACHABLE_CODE = YES;
				CLANG_WARN__DUPLICATE_METHOD_MATCH = YES;
				CODE_SIGN_IDENTITY = "iPhone Developer";
				COPY_PHASE_STRIP = NO;
				DEBUG_INFORMATION_FORMAT = dwarf;
				ENABLE_STRICT_OBJC_MSGSEND = YES;
				ENABLE_TESTABILITY = YES;
				GCC_C_LANGUAGE_STANDARD = gnu11;
				GCC_DYNAMIC_NO_PIC = NO;
				GCC_NO_COMMON_BLOCKS = YES;
				GCC_OPTIMIZATION_LEVEL = 0;
				GCC_PREPROCESSOR_DEFINITIONS = (
					"DEBUG=1",
					"$(inherited)",
				);
				GCC_WARN_64_TO_32_BIT_CONVERSION = YES;
				GCC_WARN_ABOUT_RETURN_TYPE = YES_ERROR;
				GCC_WARN_UNDECLARED_SELECTOR = YES;
				GCC_WARN_UNINITIALIZED_AUTOS = YES_AGGRESSIVE;
				GCC_WARN_UNUSED_FUNCTION = YES;
				GCC_WARN_UNUSED_VARIABLE = YES;
				IPHONEOS_DEPLOYMENT_TARGET = 12.2;
				MTL_ENABLE_DEBUG_INFO = INCLUDE_SOURCE;
				MTL_FAST_MATH = YES;
				ONLY_ACTIVE_ARCH = YES;
				SDKROOT = iphoneos;
				SWIFT_ACTIVE_COMPILATION_CONDITIONS = DEBUG;
				SWIFT_OPTIMIZATION_LEVEL = "-Onone";
			};
			name = Debug;
		};
		1567A65D23045A69006B6EAB /* Release */ = {
			isa = XCBuildConfiguration;
			buildSettings = {
				ALWAYS_SEARCH_USER_PATHS = NO;
				CLANG_ANALYZER_NONNULL = YES;
				CLANG_ANALYZER_NUMBER_OBJECT_CONVERSION = YES_AGGRESSIVE;
				CLANG_CXX_LANGUAGE_STANDARD = "gnu++14";
				CLANG_CXX_LIBRARY = "libc++";
				CLANG_ENABLE_MODULES = YES;
				CLANG_ENABLE_OBJC_ARC = YES;
				CLANG_ENABLE_OBJC_WEAK = YES;
				CLANG_WARN_BLOCK_CAPTURE_AUTORELEASING = YES;
				CLANG_WARN_BOOL_CONVERSION = YES;
				CLANG_WARN_COMMA = YES;
				CLANG_WARN_CONSTANT_CONVERSION = YES;
				CLANG_WARN_DEPRECATED_OBJC_IMPLEMENTATIONS = YES;
				CLANG_WARN_DIRECT_OBJC_ISA_USAGE = YES_ERROR;
				CLANG_WARN_DOCUMENTATION_COMMENTS = YES;
				CLANG_WARN_EMPTY_BODY = YES;
				CLANG_WARN_ENUM_CONVERSION = YES;
				CLANG_WARN_INFINITE_RECURSION = YES;
				CLANG_WARN_INT_CONVERSION = YES;
				CLANG_WARN_NON_LITERAL_NULL_CONVERSION = YES;
				CLANG_WARN_OBJC_IMPLICIT_RETAIN_SELF = YES;
				CLANG_WARN_OBJC_LITERAL_CONVERSION = YES;
				CLANG_WARN_OBJC_ROOT_CLASS = YES_ERROR;
				CLANG_WARN_RANGE_LOOP_ANALYSIS = YES;
				CLANG_WARN_STRICT_PROTOTYPES = YES;
				CLANG_WARN_SUSPICIOUS_MOVE = YES;
				CLANG_WARN_UNGUARDED_AVAILABILITY = YES_AGGRESSIVE;
				CLANG_WARN_UNREACHABLE_CODE = YES;
				CLANG_WARN__DUPLICATE_METHOD_MATCH = YES;
				CODE_SIGN_IDENTITY = "iPhone Developer";
				COPY_PHASE_STRIP = NO;
				DEBUG_INFORMATION_FORMAT = "dwarf-with-dsym";
				ENABLE_NS_ASSERTIONS = NO;
				ENABLE_STRICT_OBJC_MSGSEND = YES;
				GCC_C_LANGUAGE_STANDARD = gnu11;
				GCC_NO_COMMON_BLOCKS = YES;
				GCC_WARN_64_TO_32_BIT_CONVERSION = YES;
				GCC_WARN_ABOUT_RETURN_TYPE = YES_ERROR;
				GCC_WARN_UNDECLARED_SELECTOR = YES;
				GCC_WARN_UNINITIALIZED_AUTOS = YES_AGGRESSIVE;
				GCC_WARN_UNUSED_FUNCTION = YES;
				GCC_WARN_UNUSED_VARIABLE = YES;
				IPHONEOS_DEPLOYMENT_TARGET = 12.2;
				MTL_ENABLE_DEBUG_INFO = NO;
				MTL_FAST_MATH = YES;
				SDKROOT = iphoneos;
				SWIFT_COMPILATION_MODE = wholemodule;
				SWIFT_OPTIMIZATION_LEVEL = "-O";
				VALIDATE_PRODUCT = YES;
			};
			name = Release;
		};
		1567A65F23045A69006B6EAB /* Debug */ = {
			isa = XCBuildConfiguration;
			buildSettings = {
				ASSETCATALOG_COMPILER_APPICON_NAME = AppIcon;
				CODE_SIGN_STYLE = Automatic;
				INFOPLIST_FILE = globeProject/Info.plist;
				LD_RUNPATH_SEARCH_PATHS = (
					"$(inherited)",
					"@executable_path/Frameworks",
				);
				PRODUCT_BUNDLE_IDENTIFIER = KWK.globeProject;
				PRODUCT_NAME = "$(TARGET_NAME)";
				SWIFT_VERSION = 5.0;
				TARGETED_DEVICE_FAMILY = "1,2";
			};
			name = Debug;
		};
		1567A66023045A69006B6EAB /* Release */ = {
			isa = XCBuildConfiguration;
			buildSettings = {
				ASSETCATALOG_COMPILER_APPICON_NAME = AppIcon;
				CODE_SIGN_STYLE = Automatic;
				INFOPLIST_FILE = globeProject/Info.plist;
				LD_RUNPATH_SEARCH_PATHS = (
					"$(inherited)",
					"@executable_path/Frameworks",
				);
				PRODUCT_BUNDLE_IDENTIFIER = KWK.globeProject;
				PRODUCT_NAME = "$(TARGET_NAME)";
				SWIFT_VERSION = 5.0;
				TARGETED_DEVICE_FAMILY = "1,2";
			};
			name = Release;
		};
		1567A66223045A69006B6EAB /* Debug */ = {
			isa = XCBuildConfiguration;
			buildSettings = {
				ALWAYS_EMBED_SWIFT_STANDARD_LIBRARIES = YES;
				BUNDLE_LOADER = "$(TEST_HOST)";
				CODE_SIGN_STYLE = Automatic;
				INFOPLIST_FILE = globeProjectTests/Info.plist;
				LD_RUNPATH_SEARCH_PATHS = (
					"$(inherited)",
					"@executable_path/Frameworks",
					"@loader_path/Frameworks",
				);
				PRODUCT_BUNDLE_IDENTIFIER = KWK.globeProjectTests;
				PRODUCT_NAME = "$(TARGET_NAME)";
				SWIFT_VERSION = 5.0;
				TARGETED_DEVICE_FAMILY = "1,2";
				TEST_HOST = "$(BUILT_PRODUCTS_DIR)/globeProject.app/globeProject";
			};
			name = Debug;
		};
		1567A66323045A69006B6EAB /* Release */ = {
			isa = XCBuildConfiguration;
			buildSettings = {
				ALWAYS_EMBED_SWIFT_STANDARD_LIBRARIES = YES;
				BUNDLE_LOADER = "$(TEST_HOST)";
				CODE_SIGN_STYLE = Automatic;
				INFOPLIST_FILE = globeProjectTests/Info.plist;
				LD_RUNPATH_SEARCH_PATHS = (
					"$(inherited)",
					"@executable_path/Frameworks",
					"@loader_path/Frameworks",
				);
				PRODUCT_BUNDLE_IDENTIFIER = KWK.globeProjectTests;
				PRODUCT_NAME = "$(TARGET_NAME)";
				SWIFT_VERSION = 5.0;
				TARGETED_DEVICE_FAMILY = "1,2";
				TEST_HOST = "$(BUILT_PRODUCTS_DIR)/globeProject.app/globeProject";
			};
			name = Release;
		};
		1567A66523045A69006B6EAB /* Debug */ = {
			isa = XCBuildConfiguration;
			buildSettings = {
				ALWAYS_EMBED_SWIFT_STANDARD_LIBRARIES = YES;
				CODE_SIGN_STYLE = Automatic;
				INFOPLIST_FILE = globeProjectUITests/Info.plist;
				LD_RUNPATH_SEARCH_PATHS = (
					"$(inherited)",
					"@executable_path/Frameworks",
					"@loader_path/Frameworks",
				);
				PRODUCT_BUNDLE_IDENTIFIER = KWK.globeProjectUITests;
				PRODUCT_NAME = "$(TARGET_NAME)";
				SWIFT_VERSION = 5.0;
				TARGETED_DEVICE_FAMILY = "1,2";
				TEST_TARGET_NAME = globeProject;
			};
			name = Debug;
		};
		1567A66623045A69006B6EAB /* Release */ = {
			isa = XCBuildConfiguration;
			buildSettings = {
				ALWAYS_EMBED_SWIFT_STANDARD_LIBRARIES = YES;
				CODE_SIGN_STYLE = Automatic;
				INFOPLIST_FILE = globeProjectUITests/Info.plist;
				LD_RUNPATH_SEARCH_PATHS = (
					"$(inherited)",
					"@executable_path/Frameworks",
					"@loader_path/Frameworks",
				);
				PRODUCT_BUNDLE_IDENTIFIER = KWK.globeProjectUITests;
				PRODUCT_NAME = "$(TARGET_NAME)";
				SWIFT_VERSION = 5.0;
				TARGETED_DEVICE_FAMILY = "1,2";
				TEST_TARGET_NAME = globeProject;
			};
			name = Release;
		};
/* End XCBuildConfiguration section */

/* Begin XCConfigurationList section */
		1567A62E23045A66006B6EAB /* Build configuration list for PBXProject "globeProject" */ = {
			isa = XCConfigurationList;
			buildConfigurations = (
				1567A65C23045A69006B6EAB /* Debug */,
				1567A65D23045A69006B6EAB /* Release */,
			);
			defaultConfigurationIsVisible = 0;
			defaultConfigurationName = Release;
		};
		1567A65E23045A69006B6EAB /* Build configuration list for PBXNativeTarget "globeProject" */ = {
			isa = XCConfigurationList;
			buildConfigurations = (
				1567A65F23045A69006B6EAB /* Debug */,
				1567A66023045A69006B6EAB /* Release */,
			);
			defaultConfigurationIsVisible = 0;
			defaultConfigurationName = Release;
		};
		1567A66123045A69006B6EAB /* Build configuration list for PBXNativeTarget "globeProjectTests" */ = {
			isa = XCConfigurationList;
			buildConfigurations = (
				1567A66223045A69006B6EAB /* Debug */,
				1567A66323045A69006B6EAB /* Release */,
			);
			defaultConfigurationIsVisible = 0;
			defaultConfigurationName = Release;
		};
		1567A66423045A69006B6EAB /* Build configuration list for PBXNativeTarget "globeProjectUITests" */ = {
			isa = XCConfigurationList;
			buildConfigurations = (
				1567A66523045A69006B6EAB /* Debug */,
				1567A66623045A69006B6EAB /* Release */,
			);
			defaultConfigurationIsVisible = 0;
			defaultConfigurationName = Release;
		};
/* End XCConfigurationList section */

/* Begin XCVersionGroup section */
		1567A63D23045A66006B6EAB /* globeProject.xcdatamodeld */ = {
			isa = XCVersionGroup;
			children = (
				1567A63E23045A66006B6EAB /* globeProject.xcdatamodel */,
			);
			currentVersion = 1567A63E23045A66006B6EAB /* globeProject.xcdatamodel */;
			path = globeProject.xcdatamodeld;
			sourceTree = "<group>";
			versionGroupType = wrapper.xcdatamodel;
		};
/* End XCVersionGroup section */
	};
	rootObject = 1567A62B23045A66006B6EAB /* Project object */;
}
